
Microsoft Visual Studio Solution File, Format Version 12.00
# Visual Studio 16
Project("{FAE04EC0-301F-11D3-BF4B-00C04F79EFBC}") = "UnityEngine.TestRunner", "UnityEngine.TestRunner.csproj", "{CBCE35FD-20DB-93B2-DB23-CA884811404F}"
EndProject
Project("{FAE04EC0-301F-11D3-BF4B-00C04F79EFBC}") = "UnityEngine.UI", "UnityEngine.UI.csproj", "{D5AA3A26-17A7-E7E9-530B-3A4FEA67ACF7}"
EndProject
Project("{FAE04EC0-301F-11D3-BF4B-00C04F79EFBC}") = "Unity.TextMeshPro", "Unity.TextMeshPro.csproj", "{916054F6-5308-A30B-4E9A-02A8C206220D}"
EndProject
Project("{FAE04EC0-301F-11D3-BF4B-00C04F79EFBC}") = "Unity.Timeline", "Unity.Timeline.csproj", "{A91F247A-BBD8-F0AA-6C8D-50203C9205E8}"
EndProject
Project("{FAE04EC0-301F-11D3-BF4B-00C04F79EFBC}") = "Assembly-CSharp", "Assembly-CSharp.csproj", "{4319C5C4-C05B-3444-27CF-013475B4795E}"
EndProject
Project("{FAE04EC0-301F-11D3-BF4B-00C04F79EFBC}") = "UnityEditor.TestRunner", "UnityEditor.TestRunner.csproj", "{A91F1EA2-0AB5-19FD-B191-FDC2E4763167}"
EndProject
Project("{FAE04EC0-301F-11D3-BF4B-00C04F79EFBC}") = "Unity.TextMeshPro.Editor", "Unity.TextMeshPro.Editor.csproj", "{1DB67283-01CF-BE65-AD3B-42DB7B876099}"
EndProject
Project("{FAE04EC0-301F-11D3-BF4B-00C04F79EFBC}") = "Unity.Timeline.Editor", "Unity.Timeline.Editor.csproj", "{6A7EB08D-51DB-D671-EAED-E265EB0F851C}"
EndProject
Project("{FAE04EC0-301F-11D3-BF4B-00C04F79EFBC}") = "UnityEditor.UI", "UnityEditor.UI.csproj", "{2D3AFCCD-AA29-60B5-E841-D179DE01F03C}"
EndProject
Project("{FAE04EC0-301F-11D3-BF4B-00C04F79EFBC}") = "Unity.Rider.Editor", "Unity.Rider.Editor.csproj", "{FA21FB29-DDC8-2EC6-9A58-2A5F6A85F253}"
EndProject
Project("{FAE04EC0-301F-11D3-BF4B-00C04F79EFBC}") = "Unity.CollabProxy.Editor", "Unity.CollabProxy.Editor.csproj", "{B113A3D2-416B-69F9-4765-874A0F466E33}"
EndProject
Project("{FAE04EC0-301F-11D3-BF4B-00C04F79EFBC}") = "Unity.VSCode.Editor", "Unity.VSCode.Editor.csproj", "{92D1185C-E4F3-AFCE-E29F-C77DB3830071}"
EndProject
Global
	GlobalSection(SolutionConfigurationPlatforms) = preSolution
		Debug|Any CPU = Debug|Any CPU
		Release|Any CPU = Release|Any CPU
	EndGlobalSection
	GlobalSection(ProjectConfigurationPlatforms) = postSolution
		{CBCE35FD-20DB-93B2-DB23-CA884811404F}.Debug|Any CPU.ActiveCfg = Debug|Any CPU
		{CBCE35FD-20DB-93B2-DB23-CA884811404F}.Debug|Any CPU.Build.0 = Debug|Any CPU
		{CBCE35FD-20DB-93B2-DB23-CA884811404F}.Release|Any CPU.ActiveCfg = Release|Any CPU
		{CBCE35FD-20DB-93B2-DB23-CA884811404F}.Release|Any CPU.Build.0 = Release|Any CPU
		{D5AA3A26-17A7-E7E9-530B-3A4FEA67ACF7}.Debug|Any CPU.ActiveCfg = Debug|Any CPU
		{D5AA3A26-17A7-E7E9-530B-3A4FEA67ACF7}.Debug|Any CPU.Build.0 = Debug|Any CPU
		{D5AA3A26-17A7-E7E9-530B-3A4FEA67ACF7}.Release|Any CPU.ActiveCfg = Release|Any CPU
		{D5AA3A26-17A7-E7E9-530B-3A4FEA67ACF7}.Release|Any CPU.Build.0 = Release|Any CPU
		{916054F6-5308-A30B-4E9A-02A8C206220D}.Debug|Any CPU.ActiveCfg = Debug|Any CPU
		{916054F6-5308-A30B-4E9A-02A8C206220D}.Debug|Any CPU.Build.0 = Debug|Any CPU
		{916054F6-5308-A30B-4E9A-02A8C206220D}.Release|Any CPU.ActiveCfg = Release|Any CPU
		{916054F6-5308-A30B-4E9A-02A8C206220D}.Release|Any CPU.Build.0 = Release|Any CPU
		{A91F247A-BBD8-F0AA-6C8D-50203C9205E8}.Debug|Any CPU.ActiveCfg = Debug|Any CPU
		{A91F247A-BBD8-F0AA-6C8D-50203C9205E8}.Debug|Any CPU.Build.0 = Debug|Any CPU
		{A91F247A-BBD8-F0AA-6C8D-50203C9205E8}.Release|Any CPU.ActiveCfg = Release|Any CPU
		{A91F247A-BBD8-F0AA-6C8D-50203C9205E8}.Release|Any CPU.Build.0 = Release|Any CPU
		{4319C5C4-C05B-3444-27CF-013475B4795E}.Debug|Any CPU.ActiveCfg = Debug|Any CPU
		{4319C5C4-C05B-3444-27CF-013475B4795E}.Debug|Any CPU.Build.0 = Debug|Any CPU
		{4319C5C4-C05B-3444-27CF-013475B4795E}.Release|Any CPU.ActiveCfg = Release|Any CPU
		{4319C5C4-C05B-3444-27CF-013475B4795E}.Release|Any CPU.Build.0 = Release|Any CPU
		{A91F1EA2-0AB5-19FD-B191-FDC2E4763167}.Debug|Any CPU.ActiveCfg = Debug|Any CPU
		{A91F1EA2-0AB5-19FD-B191-FDC2E4763167}.Debug|Any CPU.Build.0 = Debug|Any CPU
		{A91F1EA2-0AB5-19FD-B191-FDC2E4763167}.Release|Any CPU.ActiveCfg = Release|Any CPU
		{A91F1EA2-0AB5-19FD-B191-FDC2E4763167}.Release|Any CPU.Build.0 = Release|Any CPU
		{1DB67283-01CF-BE65-AD3B-42DB7B876099}.Debug|Any CPU.ActiveCfg = Debug|Any CPU
		{1DB67283-01CF-BE65-AD3B-42DB7B876099}.Debug|Any CPU.Build.0 = Debug|Any CPU
		{1DB67283-01CF-BE65-AD3B-42DB7B876099}.Release|Any CPU.ActiveCfg = Release|Any CPU
		{1DB67283-01CF-BE65-AD3B-42DB7B876099}.Release|Any CPU.Build.0 = Release|Any CPU
		{6A7EB08D-51DB-D671-EAED-E265EB0F851C}.Debug|Any CPU.ActiveCfg = Debug|Any CPU
		{6A7EB08D-51DB-D671-EAED-E265EB0F851C}.Debug|Any CPU.Build.0 = Debug|Any CPU
		{6A7EB08D-51DB-D671-EAED-E265EB0F851C}.Release|Any CPU.ActiveCfg = Release|Any CPU
		{6A7EB08D-51DB-D671-EAED-E265EB0F851C}.Release|Any CPU.Build.0 = Release|Any CPU
		{2D3AFCCD-AA29-60B5-E841-D179DE01F03C}.Debug|Any CPU.ActiveCfg = Debug|Any CPU
		{2D3AFCCD-AA29-60B5-E841-D179DE01F03C}.Debug|Any CPU.Build.0 = Debug|Any CPU
		{2D3AFCCD-AA29-60B5-E841-D179DE01F03C}.Release|Any CPU.ActiveCfg = Release|Any CPU
		{2D3AFCCD-AA29-60B5-E841-D179DE01F03C}.Release|Any CPU.Build.0 = Release|Any CPU
		{FA21FB29-DDC8-2EC6-9A58-2A5F6A85F253}.Debug|Any CPU.ActiveCfg = Debug|Any CPU
		{FA21FB29-DDC8-2EC6-9A58-2A5F6A85F253}.Debug|Any CPU.Build.0 = Debug|Any CPU
		{FA21FB29-DDC8-2EC6-9A58-2A5F6A85F253}.Release|Any CPU.ActiveCfg = Release|Any CPU
		{FA21FB29-DDC8-2EC6-9A58-2A5F6A85F253}.Release|Any CPU.Build.0 = Release|Any CPU
		{B113A3D2-416B-69F9-4765-874A0F466E33}.Debug|Any CPU.ActiveCfg = Debug|Any CPU
		{B113A3D2-416B-69F9-4765-874A0F466E33}.Debug|Any CPU.Build.0 = Debug|Any CPU
		{B113A3D2-416B-69F9-4765-874A0F466E33}.Release|Any CPU.ActiveCfg = Release|Any CPU
		{B113A3D2-416B-69F9-4765-874A0F466E33}.Release|Any CPU.Build.0 = Release|Any CPU
		{92D1185C-E4F3-AFCE-E29F-C77DB3830071}.Debug|Any CPU.ActiveCfg = Debug|Any CPU
		{92D1185C-E4F3-AFCE-E29F-C77DB3830071}.Debug|Any CPU.Build.0 = Debug|Any CPU
		{92D1185C-E4F3-AFCE-E29F-C77DB3830071}.Release|Any CPU.ActiveCfg = Release|Any CPU
		{92D1185C-E4F3-AFCE-E29F-C77DB3830071}.Release|Any CPU.Build.0 = Release|Any CPU
	EndGlobalSection
	GlobalSection(SolutionProperties) = preSolution
		HideSolutionNode = FALSE
	EndGlobalSection
EndGlobal
